
Microsoft Visual Studio Solution File, Format Version 12.00
# Visual Studio Version 17
VisualStudioVersion = 17.14.36221.1 d17.14
MinimumVisualStudioVersion = 10.0.40219.1
Project("{FAE04EC0-301F-11D3-BF4B-00C04F79EFBC}") = "NZWalksAPI", "NZWalksAPI\NZWalksAPI.csproj", "{F647D2F1-5699-4ED9-A0A2-B0548083C97A}"
EndProject
Global
	GlobalSection(SolutionConfigurationPlatforms) = preSolution
		Debug|Any CPU = Debug|Any CPU
		Release|Any CPU = Release|Any CPU
	EndGlobalSection
	GlobalSection(ProjectConfigurationPlatforms) = postSolution
		{F647D2F1-5699-4ED9-A0A2-B0548083C97A}.Debug|Any CPU.ActiveCfg = Debug|Any CPU
		{F647D2F1-5699-4ED9-A0A2-B0548083C97A}.Debug|Any CPU.Build.0 = Debug|Any CPU
		{F647D2F1-5699-4ED9-A0A2-B0548083C97A}.Release|Any CPU.ActiveCfg = Release|Any CPU
		{F647D2F1-5699-4ED9-A0A2-B0548083C97A}.Release|Any CPU.Build.0 = Release|Any CPU
	EndGlobalSection
	GlobalSection(SolutionProperties) = preSolution
		HideSolutionNode = FALSE
	EndGlobalSection
	GlobalSection(ExtensibilityGlobals) = postSolution
		SolutionGuid = {1671A75F-5DC2-4C87-B0A9-6F14C7394385}
	EndGlobalSection
EndGlobal
